
Microsoft Visual Studio Solution File, Format Version 12.00
# Visual Studio Version 17
VisualStudioVersion = 17.4.33213.308
MinimumVisualStudioVersion = 10.0.40219.1
Project("{FAE04EC0-301F-11D3-BF4B-00C04F79EFBC}") = "extranlLoginAPI", "extranlLoginAPI.csproj", "{11D29351-7AA7-47D4-8E6D-FDE0834AB03A}"
EndProject
Global
	GlobalSection(SolutionConfigurationPlatforms) = preSolution
		Debug|Any CPU = Debug|Any CPU
		Release|Any CPU = Release|Any CPU
	EndGlobalSection
	GlobalSection(ProjectConfigurationPlatforms) = postSolution
		{11D29351-7AA7-47D4-8E6D-FDE0834AB03A}.Debug|Any CPU.ActiveCfg = Debug|Any CPU
		{11D29351-7AA7-47D4-8E6D-FDE0834AB03A}.Debug|Any CPU.Build.0 = Debug|Any CPU
		{11D29351-7AA7-47D4-8E6D-FDE0834AB03A}.Release|Any CPU.ActiveCfg = Release|Any CPU
		{11D29351-7AA7-47D4-8E6D-FDE0834AB03A}.Release|Any CPU.Build.0 = Release|Any CPU
	EndGlobalSection
	GlobalSection(SolutionProperties) = preSolution
		HideSolutionNode = FALSE
	EndGlobalSection
	GlobalSection(ExtensibilityGlobals) = postSolution
		SolutionGuid = {4C194645-C71A-42B4-9501-B97355A8A1E6}
	EndGlobalSection
EndGlobal
